
Microsoft Visual Studio Solution File, Format Version 12.00
# Visual Studio Version 17
VisualStudioVersion = 17.2.32526.322
MinimumVisualStudioVersion = 10.0.40219.1
Project("{2150E333-8FDC-42A3-9474-1A3956D46DE8}") = "src", "src", "{FB6933E6-8E7A-40B0-87D4-94747FCD1EFB}"
EndProject
Project("{2150E333-8FDC-42A3-9474-1A3956D46DE8}") = "OpenCart.Models", "OpenCart.Models", "{CAD3A09A-1FB4-4849-BE9A-D458ADFA3A69}"
EndProject
Project("{2150E333-8FDC-42A3-9474-1A3956D46DE8}") = "OpenCart.Core", "OpenCart.Core", "{5FA15ACF-9F4F-4405-BEC7-7EF87675FACA}"
EndProject
Project("{FAE04EC0-301F-11D3-BF4B-00C04F79EFBC}") = "OpenCart.Models", "OpenCart.Models\OpenCart.Models.csproj", "{03C78928-4B5B-4D90-B3AD-B8A0067AE5F4}"
EndProject
Project("{2150E333-8FDC-42A3-9474-1A3956D46DE8}") = "OpenCart.Tests", "OpenCart.Tests", "{9FBD8A24-7A4A-4ACB-98C7-5D8FA30B58CD}"
EndProject
Project("{FAE04EC0-301F-11D3-BF4B-00C04F79EFBC}") = "OpenCart.Tests", "OpenCart.Tests\OpenCart.Tests.csproj", "{C634FDDB-BDD9-49A4-A3FD-FC8898B33490}"
EndProject
Project("{2150E333-8FDC-42A3-9474-1A3956D46DE8}") = "OpenCart.Infrastructure", "OpenCart.Infrastructure", "{1BF544AA-9839-4BF7-B816-D0307D383C00}"
EndProject
Project("{FAE04EC0-301F-11D3-BF4B-00C04F79EFBC}") = "OpenCart.Common", "OpenCart.Common\OpenCart.Common.csproj", "{0860629F-5F41-4480-9ACF-AE6F6E3646FD}"
EndProject
Project("{FAE04EC0-301F-11D3-BF4B-00C04F79EFBC}") = "OpenCart.Infrastructure", "OpenCart.Infrastructure\OpenCart.Infrastructure.csproj", "{8DC6CF71-8E1B-4505-8BA3-9510C172B945}"
EndProject
Project("{FAE04EC0-301F-11D3-BF4B-00C04F79EFBC}") = "OpenCart.Repositories", "OpenCart.Repositories\OpenCart.Repositories.csproj", "{E5592DA0-9C19-4C39-94D9-18C3DE52A549}"
EndProject
Project("{FAE04EC0-301F-11D3-BF4B-00C04F79EFBC}") = "OpenCart.Services", "OpenCart.Services\OpenCart.Services.csproj", "{AEB76ABA-98C1-4118-9AB0-638A1DC24DFC}"
EndProject
Project("{FAE04EC0-301F-11D3-BF4B-00C04F79EFBC}") = "OpenCart.Operations", "OpenCart.Queries\OpenCart.Operations.csproj", "{FE1D875C-D49E-4DA7-81BB-B47FC5BF3444}"
EndProject
Project("{2150E333-8FDC-42A3-9474-1A3956D46DE8}") = "OpenCart.Api", "OpenCart.Api", "{5AB46252-F393-4DA7-96F6-1EC72911CEC4}"
EndProject
Project("{FAE04EC0-301F-11D3-BF4B-00C04F79EFBC}") = "OpenCart.Api", "OpenCart.Api\OpenCart.Api.csproj", "{4408015E-C872-464B-9C7A-6D4751B4C9C3}"
EndProject
Global
	GlobalSection(SolutionConfigurationPlatforms) = preSolution
		Debug|Any CPU = Debug|Any CPU
		Release|Any CPU = Release|Any CPU
	EndGlobalSection
	GlobalSection(ProjectConfigurationPlatforms) = postSolution
		{03C78928-4B5B-4D90-B3AD-B8A0067AE5F4}.Debug|Any CPU.ActiveCfg = Debug|Any CPU
		{03C78928-4B5B-4D90-B3AD-B8A0067AE5F4}.Debug|Any CPU.Build.0 = Debug|Any CPU
		{03C78928-4B5B-4D90-B3AD-B8A0067AE5F4}.Release|Any CPU.ActiveCfg = Release|Any CPU
		{03C78928-4B5B-4D90-B3AD-B8A0067AE5F4}.Release|Any CPU.Build.0 = Release|Any CPU
		{C634FDDB-BDD9-49A4-A3FD-FC8898B33490}.Debug|Any CPU.ActiveCfg = Debug|Any CPU
		{C634FDDB-BDD9-49A4-A3FD-FC8898B33490}.Debug|Any CPU.Build.0 = Debug|Any CPU
		{C634FDDB-BDD9-49A4-A3FD-FC8898B33490}.Release|Any CPU.ActiveCfg = Release|Any CPU
		{C634FDDB-BDD9-49A4-A3FD-FC8898B33490}.Release|Any CPU.Build.0 = Release|Any CPU
		{0860629F-5F41-4480-9ACF-AE6F6E3646FD}.Debug|Any CPU.ActiveCfg = Debug|Any CPU
		{0860629F-5F41-4480-9ACF-AE6F6E3646FD}.Debug|Any CPU.Build.0 = Debug|Any CPU
		{0860629F-5F41-4480-9ACF-AE6F6E3646FD}.Release|Any CPU.ActiveCfg = Release|Any CPU
		{0860629F-5F41-4480-9ACF-AE6F6E3646FD}.Release|Any CPU.Build.0 = Release|Any CPU
		{8DC6CF71-8E1B-4505-8BA3-9510C172B945}.Debug|Any CPU.ActiveCfg = Debug|Any CPU
		{8DC6CF71-8E1B-4505-8BA3-9510C172B945}.Debug|Any CPU.Build.0 = Debug|Any CPU
		{8DC6CF71-8E1B-4505-8BA3-9510C172B945}.Release|Any CPU.ActiveCfg = Release|Any CPU
		{8DC6CF71-8E1B-4505-8BA3-9510C172B945}.Release|Any CPU.Build.0 = Release|Any CPU
		{E5592DA0-9C19-4C39-94D9-18C3DE52A549}.Debug|Any CPU.ActiveCfg = Debug|Any CPU
		{E5592DA0-9C19-4C39-94D9-18C3DE52A549}.Debug|Any CPU.Build.0 = Debug|Any CPU
		{E5592DA0-9C19-4C39-94D9-18C3DE52A549}.Release|Any CPU.ActiveCfg = Release|Any CPU
		{E5592DA0-9C19-4C39-94D9-18C3DE52A549}.Release|Any CPU.Build.0 = Release|Any CPU
		{AEB76ABA-98C1-4118-9AB0-638A1DC24DFC}.Debug|Any CPU.ActiveCfg = Debug|Any CPU
		{AEB76ABA-98C1-4118-9AB0-638A1DC24DFC}.Debug|Any CPU.Build.0 = Debug|Any CPU
		{AEB76ABA-98C1-4118-9AB0-638A1DC24DFC}.Release|Any CPU.ActiveCfg = Release|Any CPU
		{AEB76ABA-98C1-4118-9AB0-638A1DC24DFC}.Release|Any CPU.Build.0 = Release|Any CPU
		{FE1D875C-D49E-4DA7-81BB-B47FC5BF3444}.Debug|Any CPU.ActiveCfg = Debug|Any CPU
		{FE1D875C-D49E-4DA7-81BB-B47FC5BF3444}.Debug|Any CPU.Build.0 = Debug|Any CPU
		{FE1D875C-D49E-4DA7-81BB-B47FC5BF3444}.Release|Any CPU.ActiveCfg = Release|Any CPU
		{FE1D875C-D49E-4DA7-81BB-B47FC5BF3444}.Release|Any CPU.Build.0 = Release|Any CPU
		{4408015E-C872-464B-9C7A-6D4751B4C9C3}.Debug|Any CPU.ActiveCfg = Debug|Any CPU
		{4408015E-C872-464B-9C7A-6D4751B4C9C3}.Debug|Any CPU.Build.0 = Debug|Any CPU
		{4408015E-C872-464B-9C7A-6D4751B4C9C3}.Release|Any CPU.ActiveCfg = Release|Any CPU
		{4408015E-C872-464B-9C7A-6D4751B4C9C3}.Release|Any CPU.Build.0 = Release|Any CPU
	EndGlobalSection
	GlobalSection(SolutionProperties) = preSolution
		HideSolutionNode = FALSE
	EndGlobalSection
	GlobalSection(NestedProjects) = preSolution
		{CAD3A09A-1FB4-4849-BE9A-D458ADFA3A69} = {FB6933E6-8E7A-40B0-87D4-94747FCD1EFB}
		{5FA15ACF-9F4F-4405-BEC7-7EF87675FACA} = {FB6933E6-8E7A-40B0-87D4-94747FCD1EFB}
		{03C78928-4B5B-4D90-B3AD-B8A0067AE5F4} = {CAD3A09A-1FB4-4849-BE9A-D458ADFA3A69}
		{9FBD8A24-7A4A-4ACB-98C7-5D8FA30B58CD} = {FB6933E6-8E7A-40B0-87D4-94747FCD1EFB}
		{C634FDDB-BDD9-49A4-A3FD-FC8898B33490} = {9FBD8A24-7A4A-4ACB-98C7-5D8FA30B58CD}
		{1BF544AA-9839-4BF7-B816-D0307D383C00} = {FB6933E6-8E7A-40B0-87D4-94747FCD1EFB}
		{0860629F-5F41-4480-9ACF-AE6F6E3646FD} = {CAD3A09A-1FB4-4849-BE9A-D458ADFA3A69}
		{8DC6CF71-8E1B-4505-8BA3-9510C172B945} = {1BF544AA-9839-4BF7-B816-D0307D383C00}
		{E5592DA0-9C19-4C39-94D9-18C3DE52A549} = {5FA15ACF-9F4F-4405-BEC7-7EF87675FACA}
		{AEB76ABA-98C1-4118-9AB0-638A1DC24DFC} = {5FA15ACF-9F4F-4405-BEC7-7EF87675FACA}
		{FE1D875C-D49E-4DA7-81BB-B47FC5BF3444} = {CAD3A09A-1FB4-4849-BE9A-D458ADFA3A69}
		{5AB46252-F393-4DA7-96F6-1EC72911CEC4} = {FB6933E6-8E7A-40B0-87D4-94747FCD1EFB}
		{4408015E-C872-464B-9C7A-6D4751B4C9C3} = {5AB46252-F393-4DA7-96F6-1EC72911CEC4}
	EndGlobalSection
	GlobalSection(ExtensibilityGlobals) = postSolution
		SolutionGuid = {519E09C3-EF3B-4C8A-8EEB-3DBF84DE62BB}
	EndGlobalSection
EndGlobal
